// !$*UTF8*$!
{
	archiveVersion = 1;
	classes = {
	};
	objectVersion = 46;
	objects = {

/* Begin PBXBuildFile section */
		C708D0FF1CBCBD89007E1696 /* MoviesTableViewController.swift in Sources */ = {isa = PBXBuildFile; fileRef = C708D0FE1CBCBD89007E1696 /* MoviesTableViewController.swift */; };
		C708D1011CBCC402007E1696 /* MenuTableViewController.swift in Sources */ = {isa = PBXBuildFile; fileRef = C708D1001CBCC402007E1696 /* MenuTableViewController.swift */; };
		C708D1031CBCD09C007E1696 /* Utils.swift in Sources */ = {isa = PBXBuildFile; fileRef = C708D1021CBCD09C007E1696 /* Utils.swift */; };
		C7268CD41CC71D77002ECA66 /* MovieDetailViewController.swift in Sources */ = {isa = PBXBuildFile; fileRef = C7268CD31CC71D77002ECA66 /* MovieDetailViewController.swift */; };
		C75A6D551CB744FE00824BD0 /* AddFavoritesViewController.swift in Sources */ = {isa = PBXBuildFile; fileRef = C75A6D541CB744FE00824BD0 /* AddFavoritesViewController.swift */; };
		C76117FE1CBDDDCC007DF140 /* TheMovieDatabaseService.swift in Sources */ = {isa = PBXBuildFile; fileRef = C76117FD1CBDDDCC007DF140 /* TheMovieDatabaseService.swift */; };
		C76118001CBDF194007DF140 /* MoviesCollectionViewController.swift in Sources */ = {isa = PBXBuildFile; fileRef = C76117FF1CBDF194007DF140 /* MoviesCollectionViewController.swift */; };
		C76118021CBDF20F007DF140 /* MovieCollectionViewCell.swift in Sources */ = {isa = PBXBuildFile; fileRef = C76118011CBDF20F007DF140 /* MovieCollectionViewCell.swift */; };
		C776E5191CD8001B008077A1 /* MovieDetailTableViewController.swift in Sources */ = {isa = PBXBuildFile; fileRef = C776E5181CD8001B008077A1 /* MovieDetailTableViewController.swift */; };
		C7B19C221CC9333100F8E7F4 /* SearchMoviesViewController.swift in Sources */ = {isa = PBXBuildFile; fileRef = C7B19C211CC9333100F8E7F4 /* SearchMoviesViewController.swift */; };
		C7B19C241CC9340100F8E7F4 /* SearchMoviesTableViewCell.swift in Sources */ = {isa = PBXBuildFile; fileRef = C7B19C231CC9340100F8E7F4 /* SearchMoviesTableViewCell.swift */; };
		C7C0E7D31CAC265A00D1547B /* AppDelegate.swift in Sources */ = {isa = PBXBuildFile; fileRef = C7C0E7D21CAC265A00D1547B /* AppDelegate.swift */; };
		C7C0E7DA1CAC265A00D1547B /* Main.storyboard in Resources */ = {isa = PBXBuildFile; fileRef = C7C0E7D81CAC265A00D1547B /* Main.storyboard */; };
		C7C0E7DC1CAC265A00D1547B /* Assets.xcassets in Resources */ = {isa = PBXBuildFile; fileRef = C7C0E7DB1CAC265A00D1547B /* Assets.xcassets */; };
		C7C0E7DF1CAC265A00D1547B /* LaunchScreen.storyboard in Resources */ = {isa = PBXBuildFile; fileRef = C7C0E7DD1CAC265A00D1547B /* LaunchScreen.storyboard */; };
		C7C0E7EA1CAC265A00D1547B /* Find_Me_A_MovieTests.swift in Sources */ = {isa = PBXBuildFile; fileRef = C7C0E7E91CAC265A00D1547B /* Find_Me_A_MovieTests.swift */; };
		C7C0E7F51CAC265A00D1547B /* Find_Me_A_MovieUITests.swift in Sources */ = {isa = PBXBuildFile; fileRef = C7C0E7F41CAC265A00D1547B /* Find_Me_A_MovieUITests.swift */; };
		C7C5A1AF1CD8E65800180B6F /* OpenMovieDatabaseService.swift in Sources */ = {isa = PBXBuildFile; fileRef = C7C5A1AE1CD8E65800180B6F /* OpenMovieDatabaseService.swift */; };
		C7C5A1B11CD8F8E200180B6F /* RatingsTableViewCell.swift in Sources */ = {isa = PBXBuildFile; fileRef = C7C5A1B01CD8F8E200180B6F /* RatingsTableViewCell.swift */; };
		C7C5A1B31CD9004800180B6F /* WatchlistTableViewCell.swift in Sources */ = {isa = PBXBuildFile; fileRef = C7C5A1B21CD9004800180B6F /* WatchlistTableViewCell.swift */; };
		C7C5D0281CBC371200961517 /* GetSimilarMoviesViewController.swift in Sources */ = {isa = PBXBuildFile; fileRef = C7C5D0271CBC371200961517 /* GetSimilarMoviesViewController.swift */; };
		C7C5D0391CBC3E5200961517 /* CSS.swift in Sources */ = {isa = PBXBuildFile; fileRef = C7C5D0361CBC3E5200961517 /* CSS.swift */; };
		C7C5D03A1CBC3E5200961517 /* Kanna.swift in Sources */ = {isa = PBXBuildFile; fileRef = C7C5D0371CBC3E5200961517 /* Kanna.swift */; };
		C7C5D0451CBC3E9800961517 /* libxmlHTMLDocument.swift in Sources */ = {isa = PBXBuildFile; fileRef = C7C5D0421CBC3E9800961517 /* libxmlHTMLDocument.swift */; };
		C7C5D0461CBC3E9800961517 /* libxmlHTMLNode.swift in Sources */ = {isa = PBXBuildFile; fileRef = C7C5D0431CBC3E9800961517 /* libxmlHTMLNode.swift */; };
		C7C5D0471CBC3E9800961517 /* libxmlParserOption.swift in Sources */ = {isa = PBXBuildFile; fileRef = C7C5D0441CBC3E9800961517 /* libxmlParserOption.swift */; };
		C7C5D04A1CBC3F2700961517 /* Modules in Resources */ = {isa = PBXBuildFile; fileRef = C7C5D0491CBC3F2600961517 /* Modules */; };
		C7C5D04D1CBC506100961517 /* GuideboxService.swift in Sources */ = {isa = PBXBuildFile; fileRef = C7C5D04C1CBC506100961517 /* GuideboxService.swift */; };
		C7C5D0501CBC551800961517 /* SimilarMovies.swift in Sources */ = {isa = PBXBuildFile; fileRef = C7C5D04F1CBC551800961517 /* SimilarMovies.swift */; };
		C7C9DA741CBC6EAD0084172D /* AddFavoritesTableViewCell.swift in Sources */ = {isa = PBXBuildFile; fileRef = C7C9DA731CBC6EAD0084172D /* AddFavoritesTableViewCell.swift */; };
		C7C9DA761CBC761D0084172D /* FavoritesTableViewController.swift in Sources */ = {isa = PBXBuildFile; fileRef = C7C9DA751CBC761D0084172D /* FavoritesTableViewController.swift */; };
		C7C9DA781CBC862A0084172D /* Favorite.swift in Sources */ = {isa = PBXBuildFile; fileRef = C7C9DA771CBC862A0084172D /* Favorite.swift */; };
		C7C9DA7A1CBC89690084172D /* Movie.swift in Sources */ = {isa = PBXBuildFile; fileRef = C7C9DA791CBC89690084172D /* Movie.swift */; };
		C7E29FA01CCEE0800054328C /* Data.swift in Sources */ = {isa = PBXBuildFile; fileRef = C7E29F9F1CCEE0800054328C /* Data.swift */; };
		C7E29FA21CCEF11C0054328C /* RecommendationsTableViewController.swift in Sources */ = {isa = PBXBuildFile; fileRef = C7E29FA11CCEF11C0054328C /* RecommendationsTableViewController.swift */; };
		C7E29FA41CCEF2710054328C /* RatingsTableViewController.swift in Sources */ = {isa = PBXBuildFile; fileRef = C7E29FA31CCEF2710054328C /* RatingsTableViewController.swift */; };
		C7E8E04C1CD82E960034576A /* WatchlistTableViewController.swift in Sources */ = {isa = PBXBuildFile; fileRef = C7E8E04B1CD82E960034576A /* WatchlistTableViewController.swift */; };
		C7F631311CB59E5C00280768 /* GetStreamsViewController.swift in Sources */ = {isa = PBXBuildFile; fileRef = C7F631301CB59E5C00280768 /* GetStreamsViewController.swift */; };
		C7F631331CB59EDA00280768 /* SwiftyJSON.swift in Sources */ = {isa = PBXBuildFile; fileRef = C7F631321CB59EDA00280768 /* SwiftyJSON.swift */; };
		C7FCF2AD1CD1C6F40014CA83 /* RecommendationsTableViewCell.swift in Sources */ = {isa = PBXBuildFile; fileRef = C7FCF2AC1CD1C6F40014CA83 /* RecommendationsTableViewCell.swift */; };
/* End PBXBuildFile section */

/* Begin PBXContainerItemProxy section */
		C7C0E7E61CAC265A00D1547B /* PBXContainerItemProxy */ = {
			isa = PBXContainerItemProxy;
			containerPortal = C7C0E7C71CAC265A00D1547B /* Project object */;
			proxyType = 1;
			remoteGlobalIDString = C7C0E7CE1CAC265A00D1547B;
			remoteInfo = "Find Me A Movie";
		};
		C7C0E7F11CAC265A00D1547B /* PBXContainerItemProxy */ = {
			isa = PBXContainerItemProxy;
			containerPortal = C7C0E7C71CAC265A00D1547B /* Project object */;
			proxyType = 1;
			remoteGlobalIDString = C7C0E7CE1CAC265A00D1547B;
			remoteInfo = "Find Me A Movie";
		};
/* End PBXContainerItemProxy section */

/* Begin PBXFileReference section */
		C708D0FE1CBCBD89007E1696 /* MoviesTableViewController.swift */ = {isa = PBXFileReference; fileEncoding = 4; lastKnownFileType = sourcecode.swift; path = MoviesTableViewController.swift; sourceTree = "<group>"; };
		C708D1001CBCC402007E1696 /* MenuTableViewController.swift */ = {isa = PBXFileReference; fileEncoding = 4; lastKnownFileType = sourcecode.swift; path = MenuTableViewController.swift; sourceTree = "<group>"; };
		C708D1021CBCD09C007E1696 /* Utils.swift */ = {isa = PBXFileReference; fileEncoding = 4; lastKnownFileType = sourcecode.swift; path = Utils.swift; sourceTree = "<group>"; };
		C7268CD31CC71D77002ECA66 /* MovieDetailViewController.swift */ = {isa = PBXFileReference; fileEncoding = 4; lastKnownFileType = sourcecode.swift; path = MovieDetailViewController.swift; sourceTree = "<group>"; };
		C75A6D541CB744FE00824BD0 /* AddFavoritesViewController.swift */ = {isa = PBXFileReference; fileEncoding = 4; lastKnownFileType = sourcecode.swift; path = AddFavoritesViewController.swift; sourceTree = "<group>"; };
		C76117FD1CBDDDCC007DF140 /* TheMovieDatabaseService.swift */ = {isa = PBXFileReference; fileEncoding = 4; lastKnownFileType = sourcecode.swift; path = TheMovieDatabaseService.swift; sourceTree = "<group>"; };
		C76117FF1CBDF194007DF140 /* MoviesCollectionViewController.swift */ = {isa = PBXFileReference; fileEncoding = 4; lastKnownFileType = sourcecode.swift; path = MoviesCollectionViewController.swift; sourceTree = "<group>"; };
		C76118011CBDF20F007DF140 /* MovieCollectionViewCell.swift */ = {isa = PBXFileReference; fileEncoding = 4; lastKnownFileType = sourcecode.swift; path = MovieCollectionViewCell.swift; sourceTree = "<group>"; };
		C776E5181CD8001B008077A1 /* MovieDetailTableViewController.swift */ = {isa = PBXFileReference; fileEncoding = 4; lastKnownFileType = sourcecode.swift; path = MovieDetailTableViewController.swift; sourceTree = "<group>"; };
		C7B19C211CC9333100F8E7F4 /* SearchMoviesViewController.swift */ = {isa = PBXFileReference; fileEncoding = 4; lastKnownFileType = sourcecode.swift; path = SearchMoviesViewController.swift; sourceTree = "<group>"; };
		C7B19C231CC9340100F8E7F4 /* SearchMoviesTableViewCell.swift */ = {isa = PBXFileReference; fileEncoding = 4; lastKnownFileType = sourcecode.swift; path = SearchMoviesTableViewCell.swift; sourceTree = "<group>"; };
		C7C0E7CF1CAC265A00D1547B /* Find Me A Movie.app */ = {isa = PBXFileReference; explicitFileType = wrapper.application; includeInIndex = 0; path = "Find Me A Movie.app"; sourceTree = BUILT_PRODUCTS_DIR; };
		C7C0E7D21CAC265A00D1547B /* AppDelegate.swift */ = {isa = PBXFileReference; lastKnownFileType = sourcecode.swift; path = AppDelegate.swift; sourceTree = "<group>"; };
		C7C0E7D91CAC265A00D1547B /* Base */ = {isa = PBXFileReference; lastKnownFileType = file.storyboard; name = Base; path = Base.lproj/Main.storyboard; sourceTree = "<group>"; };
		C7C0E7DB1CAC265A00D1547B /* Assets.xcassets */ = {isa = PBXFileReference; lastKnownFileType = folder.assetcatalog; path = Assets.xcassets; sourceTree = "<group>"; };
		C7C0E7DE1CAC265A00D1547B /* Base */ = {isa = PBXFileReference; lastKnownFileType = file.storyboard; name = Base; path = Base.lproj/LaunchScreen.storyboard; sourceTree = "<group>"; };
		C7C0E7E01CAC265A00D1547B /* Info.plist */ = {isa = PBXFileReference; lastKnownFileType = text.plist.xml; path = Info.plist; sourceTree = "<group>"; };
		C7C0E7E51CAC265A00D1547B /* Find Me A MovieTests.xctest */ = {isa = PBXFileReference; explicitFileType = wrapper.cfbundle; includeInIndex = 0; path = "Find Me A MovieTests.xctest"; sourceTree = BUILT_PRODUCTS_DIR; };
		C7C0E7E91CAC265A00D1547B /* Find_Me_A_MovieTests.swift */ = {isa = PBXFileReference; lastKnownFileType = sourcecode.swift; path = Find_Me_A_MovieTests.swift; sourceTree = "<group>"; };
		C7C0E7EB1CAC265A00D1547B /* Info.plist */ = {isa = PBXFileReference; lastKnownFileType = text.plist.xml; path = Info.plist; sourceTree = "<group>"; };
		C7C0E7F01CAC265A00D1547B /* Find Me A MovieUITests.xctest */ = {isa = PBXFileReference; explicitFileType = wrapper.cfbundle; includeInIndex = 0; path = "Find Me A MovieUITests.xctest"; sourceTree = BUILT_PRODUCTS_DIR; };
		C7C0E7F41CAC265A00D1547B /* Find_Me_A_MovieUITests.swift */ = {isa = PBXFileReference; lastKnownFileType = sourcecode.swift; path = Find_Me_A_MovieUITests.swift; sourceTree = "<group>"; };
		C7C0E7F61CAC265B00D1547B /* Info.plist */ = {isa = PBXFileReference; lastKnownFileType = text.plist.xml; path = Info.plist; sourceTree = "<group>"; };
		C7C5A1AE1CD8E65800180B6F /* OpenMovieDatabaseService.swift */ = {isa = PBXFileReference; fileEncoding = 4; lastKnownFileType = sourcecode.swift; path = OpenMovieDatabaseService.swift; sourceTree = "<group>"; };
		C7C5A1B01CD8F8E200180B6F /* RatingsTableViewCell.swift */ = {isa = PBXFileReference; fileEncoding = 4; lastKnownFileType = sourcecode.swift; path = RatingsTableViewCell.swift; sourceTree = "<group>"; };
		C7C5A1B21CD9004800180B6F /* WatchlistTableViewCell.swift */ = {isa = PBXFileReference; fileEncoding = 4; lastKnownFileType = sourcecode.swift; path = WatchlistTableViewCell.swift; sourceTree = "<group>"; };
		C7C5D0271CBC371200961517 /* GetSimilarMoviesViewController.swift */ = {isa = PBXFileReference; fileEncoding = 4; lastKnownFileType = sourcecode.swift; path = GetSimilarMoviesViewController.swift; sourceTree = "<group>"; };
		C7C5D0361CBC3E5200961517 /* CSS.swift */ = {isa = PBXFileReference; fileEncoding = 4; lastKnownFileType = sourcecode.swift; path = CSS.swift; sourceTree = "<group>"; };
		C7C5D0371CBC3E5200961517 /* Kanna.swift */ = {isa = PBXFileReference; fileEncoding = 4; lastKnownFileType = sourcecode.swift; path = Kanna.swift; sourceTree = "<group>"; };
		C7C5D0421CBC3E9800961517 /* libxmlHTMLDocument.swift */ = {isa = PBXFileReference; fileEncoding = 4; lastKnownFileType = sourcecode.swift; path = libxmlHTMLDocument.swift; sourceTree = "<group>"; };
		C7C5D0431CBC3E9800961517 /* libxmlHTMLNode.swift */ = {isa = PBXFileReference; fileEncoding = 4; lastKnownFileType = sourcecode.swift; path = libxmlHTMLNode.swift; sourceTree = "<group>"; };
		C7C5D0441CBC3E9800961517 /* libxmlParserOption.swift */ = {isa = PBXFileReference; fileEncoding = 4; lastKnownFileType = sourcecode.swift; path = libxmlParserOption.swift; sourceTree = "<group>"; };
		C7C5D0491CBC3F2600961517 /* Modules */ = {isa = PBXFileReference; lastKnownFileType = folder; path = Modules; sourceTree = "<group>"; };
		C7C5D04C1CBC506100961517 /* GuideboxService.swift */ = {isa = PBXFileReference; fileEncoding = 4; lastKnownFileType = sourcecode.swift; path = GuideboxService.swift; sourceTree = "<group>"; };
		C7C5D04F1CBC551800961517 /* SimilarMovies.swift */ = {isa = PBXFileReference; fileEncoding = 4; lastKnownFileType = sourcecode.swift; path = SimilarMovies.swift; sourceTree = "<group>"; };
		C7C9DA731CBC6EAD0084172D /* AddFavoritesTableViewCell.swift */ = {isa = PBXFileReference; fileEncoding = 4; lastKnownFileType = sourcecode.swift; path = AddFavoritesTableViewCell.swift; sourceTree = "<group>"; };
		C7C9DA751CBC761D0084172D /* FavoritesTableViewController.swift */ = {isa = PBXFileReference; fileEncoding = 4; lastKnownFileType = sourcecode.swift; path = FavoritesTableViewController.swift; sourceTree = "<group>"; };
		C7C9DA771CBC862A0084172D /* Favorite.swift */ = {isa = PBXFileReference; fileEncoding = 4; lastKnownFileType = sourcecode.swift; path = Favorite.swift; sourceTree = "<group>"; };
		C7C9DA791CBC89690084172D /* Movie.swift */ = {isa = PBXFileReference; fileEncoding = 4; lastKnownFileType = sourcecode.swift; name = Movie.swift; path = ../Movie.swift; sourceTree = "<group>"; };
		C7E29F9F1CCEE0800054328C /* Data.swift */ = {isa = PBXFileReference; fileEncoding = 4; lastKnownFileType = sourcecode.swift; path = Data.swift; sourceTree = "<group>"; };
		C7E29FA11CCEF11C0054328C /* RecommendationsTableViewController.swift */ = {isa = PBXFileReference; fileEncoding = 4; lastKnownFileType = sourcecode.swift; path = RecommendationsTableViewController.swift; sourceTree = "<group>"; };
		C7E29FA31CCEF2710054328C /* RatingsTableViewController.swift */ = {isa = PBXFileReference; fileEncoding = 4; lastKnownFileType = sourcecode.swift; path = RatingsTableViewController.swift; sourceTree = "<group>"; };
		C7E8E04B1CD82E960034576A /* WatchlistTableViewController.swift */ = {isa = PBXFileReference; fileEncoding = 4; lastKnownFileType = sourcecode.swift; path = WatchlistTableViewController.swift; sourceTree = "<group>"; };
		C7F631301CB59E5C00280768 /* GetStreamsViewController.swift */ = {isa = PBXFileReference; fileEncoding = 4; lastKnownFileType = sourcecode.swift; path = GetStreamsViewController.swift; sourceTree = "<group>"; };
		C7F631321CB59EDA00280768 /* SwiftyJSON.swift */ = {isa = PBXFileReference; fileEncoding = 4; lastKnownFileType = sourcecode.swift; path = SwiftyJSON.swift; sourceTree = "<group>"; };
		C7FCF2AC1CD1C6F40014CA83 /* RecommendationsTableViewCell.swift */ = {isa = PBXFileReference; fileEncoding = 4; lastKnownFileType = sourcecode.swift; path = RecommendationsTableViewCell.swift; sourceTree = "<group>"; };
/* End PBXFileReference section */

/* Begin PBXFrameworksBuildPhase section */
		C7C0E7CC1CAC265A00D1547B /* Frameworks */ = {
			isa = PBXFrameworksBuildPhase;
			buildActionMask = 2147483647;
			files = (
			);
			runOnlyForDeploymentPostprocessing = 0;
		};
		C7C0E7E21CAC265A00D1547B /* Frameworks */ = {
			isa = PBXFrameworksBuildPhase;
			buildActionMask = 2147483647;
			files = (
			);
			runOnlyForDeploymentPostprocessing = 0;
		};
		C7C0E7ED1CAC265A00D1547B /* Frameworks */ = {
			isa = PBXFrameworksBuildPhase;
			buildActionMask = 2147483647;
			files = (
			);
			runOnlyForDeploymentPostprocessing = 0;
		};
/* End PBXFrameworksBuildPhase section */

/* Begin PBXGroup section */
		C75A6D4F1CB73A7600824BD0 /* Models */ = {
			isa = PBXGroup;
			children = (
				C7C9DA791CBC89690084172D /* Movie.swift */,
				C7C9DA771CBC862A0084172D /* Favorite.swift */,
				C7E29F9F1CCEE0800054328C /* Data.swift */,
			);
			name = Models;
			sourceTree = "<group>";
		};
		C75A6D521CB73B1900824BD0 /* Other */ = {
			isa = PBXGroup;
			children = (
				C7C0E7D21CAC265A00D1547B /* AppDelegate.swift */,
				C7C0E7DB1CAC265A00D1547B /* Assets.xcassets */,
				C7C0E7E01CAC265A00D1547B /* Info.plist */,
				C708D1021CBCD09C007E1696 /* Utils.swift */,
			);
			name = Other;
			sourceTree = "<group>";
		};
		C75A6D531CB73B4700824BD0 /* Controllers */ = {
			isa = PBXGroup;
			children = (
				C7E8E04D1CD82EA00034576A /* Cells */,
				C7B19C211CC9333100F8E7F4 /* SearchMoviesViewController.swift */,
				C7E29FA11CCEF11C0054328C /* RecommendationsTableViewController.swift */,
				C7E29FA31CCEF2710054328C /* RatingsTableViewController.swift */,
				C7E8E04B1CD82E960034576A /* WatchlistTableViewController.swift */,
				C776E5181CD8001B008077A1 /* MovieDetailTableViewController.swift */,
				C7FCF2AB1CD1C4150014CA83 /* Old */,
				C7C5D04B1CBC46C600961517 /* Tests */,
			);
			name = Controllers;
			sourceTree = "<group>";
		};
		C7C0E7C61CAC265A00D1547B = {
			isa = PBXGroup;
			children = (
				C7C0E7D11CAC265A00D1547B /* Find Me A Movie */,
				C7C0E7E81CAC265A00D1547B /* Find Me A MovieTests */,
				C7C0E7F31CAC265A00D1547B /* Find Me A MovieUITests */,
				C7C0E7D01CAC265A00D1547B /* Products */,
			);
			sourceTree = "<group>";
		};
		C7C0E7D01CAC265A00D1547B /* Products */ = {
			isa = PBXGroup;
			children = (
				C7C0E7CF1CAC265A00D1547B /* Find Me A Movie.app */,
				C7C0E7E51CAC265A00D1547B /* Find Me A MovieTests.xctest */,
				C7C0E7F01CAC265A00D1547B /* Find Me A MovieUITests.xctest */,
			);
			name = Products;
			sourceTree = "<group>";
		};
		C7C0E7D11CAC265A00D1547B /* Find Me A Movie */ = {
			isa = PBXGroup;
			children = (
				C7E8E04A1CD82B630034576A /* Views */,
				C7C5D04E1CBC507100961517 /* Services */,
				C75A6D531CB73B4700824BD0 /* Controllers */,
				C75A6D4F1CB73A7600824BD0 /* Models */,
				C7C5D01F1CBC367C00961517 /* Packages */,
				C75A6D521CB73B1900824BD0 /* Other */,
			);
			path = "Find Me A Movie";
			sourceTree = "<group>";
		};
		C7C0E7E81CAC265A00D1547B /* Find Me A MovieTests */ = {
			isa = PBXGroup;
			children = (
				C7C0E7E91CAC265A00D1547B /* Find_Me_A_MovieTests.swift */,
				C7C0E7EB1CAC265A00D1547B /* Info.plist */,
			);
			path = "Find Me A MovieTests";
			sourceTree = "<group>";
		};
		C7C0E7F31CAC265A00D1547B /* Find Me A MovieUITests */ = {
			isa = PBXGroup;
			children = (
				C7C0E7F41CAC265A00D1547B /* Find_Me_A_MovieUITests.swift */,
				C7C0E7F61CAC265B00D1547B /* Info.plist */,
			);
			path = "Find Me A MovieUITests";
			sourceTree = "<group>";
		};
		C7C5D01F1CBC367C00961517 /* Packages */ = {
			isa = PBXGroup;
			children = (
				C7C5D0291CBC3A8500961517 /* Kanna */,
				C7F631321CB59EDA00280768 /* SwiftyJSON.swift */,
			);
			name = Packages;
			sourceTree = "<group>";
		};
		C7C5D0291CBC3A8500961517 /* Kanna */ = {
			isa = PBXGroup;
			children = (
				C7C5D0361CBC3E5200961517 /* CSS.swift */,
				C7C5D0371CBC3E5200961517 /* Kanna.swift */,
				C7C5D0491CBC3F2600961517 /* Modules */,
				C7C5D0481CBC3EA400961517 /* libxml */,
			);
			name = Kanna;
			sourceTree = "<group>";
		};
		C7C5D0481CBC3EA400961517 /* libxml */ = {
			isa = PBXGroup;
			children = (
				C7C5D0421CBC3E9800961517 /* libxmlHTMLDocument.swift */,
				C7C5D0431CBC3E9800961517 /* libxmlHTMLNode.swift */,
				C7C5D0441CBC3E9800961517 /* libxmlParserOption.swift */,
			);
			name = libxml;
			sourceTree = "<group>";
		};
		C7C5D04B1CBC46C600961517 /* Tests */ = {
			isa = PBXGroup;
			children = (
				C708D1001CBCC402007E1696 /* MenuTableViewController.swift */,
				C76117FF1CBDF194007DF140 /* MoviesCollectionViewController.swift */,
				C76118011CBDF20F007DF140 /* MovieCollectionViewCell.swift */,
				C7C5D0271CBC371200961517 /* GetSimilarMoviesViewController.swift */,
				C7F631301CB59E5C00280768 /* GetStreamsViewController.swift */,
			);
			name = Tests;
			sourceTree = "<group>";
		};
		C7C5D04E1CBC507100961517 /* Services */ = {
			isa = PBXGroup;
			children = (
				C7C5A1AE1CD8E65800180B6F /* OpenMovieDatabaseService.swift */,
				C7C5D04C1CBC506100961517 /* GuideboxService.swift */,
				C7C5D04F1CBC551800961517 /* SimilarMovies.swift */,
				C76117FD1CBDDDCC007DF140 /* TheMovieDatabaseService.swift */,
			);
			name = Services;
			sourceTree = "<group>";
		};
		C7E8E04A1CD82B630034576A /* Views */ = {
			isa = PBXGroup;
			children = (
				C7C0E7DD1CAC265A00D1547B /* LaunchScreen.storyboard */,
				C7C0E7D81CAC265A00D1547B /* Main.storyboard */,
			);
			name = Views;
			sourceTree = "<group>";
		};
		C7E8E04D1CD82EA00034576A /* Cells */ = {
			isa = PBXGroup;
			children = (
				C7B19C231CC9340100F8E7F4 /* SearchMoviesTableViewCell.swift */,
				C7FCF2AC1CD1C6F40014CA83 /* RecommendationsTableViewCell.swift */,
				C7C5A1B01CD8F8E200180B6F /* RatingsTableViewCell.swift */,
				C7C5A1B21CD9004800180B6F /* WatchlistTableViewCell.swift */,
			);
			name = Cells;
			sourceTree = "<group>";
		};
		C7FCF2AB1CD1C4150014CA83 /* Old */ = {
			isa = PBXGroup;
			children = (
				C7268CD31CC71D77002ECA66 /* MovieDetailViewController.swift */,
				C708D0FE1CBCBD89007E1696 /* MoviesTableViewController.swift */,
				C7C9DA751CBC761D0084172D /* FavoritesTableViewController.swift */,
				C75A6D541CB744FE00824BD0 /* AddFavoritesViewController.swift */,
				C7C9DA731CBC6EAD0084172D /* AddFavoritesTableViewCell.swift */,
			);
			name = Old;
			sourceTree = "<group>";
		};
/* End PBXGroup section */

/* Begin PBXNativeTarget section */
		C7C0E7CE1CAC265A00D1547B /* Find Me A Movie */ = {
			isa = PBXNativeTarget;
			buildConfigurationList = C7C0E7F91CAC265B00D1547B /* Build configuration list for PBXNativeTarget "Find Me A Movie" */;
			buildPhases = (
				C7C0E7CB1CAC265A00D1547B /* Sources */,
				C7C0E7CC1CAC265A00D1547B /* Frameworks */,
				C7C0E7CD1CAC265A00D1547B /* Resources */,
			);
			buildRules = (
			);
			dependencies = (
			);
			name = "Find Me A Movie";
			productName = "Find Me A Movie";
			productReference = C7C0E7CF1CAC265A00D1547B /* Find Me A Movie.app */;
			productType = "com.apple.product-type.application";
		};
		C7C0E7E41CAC265A00D1547B /* Find Me A MovieTests */ = {
			isa = PBXNativeTarget;
			buildConfigurationList = C7C0E7FC1CAC265B00D1547B /* Build configuration list for PBXNativeTarget "Find Me A MovieTests" */;
			buildPhases = (
				C7C0E7E11CAC265A00D1547B /* Sources */,
				C7C0E7E21CAC265A00D1547B /* Frameworks */,
				C7C0E7E31CAC265A00D1547B /* Resources */,
			);
			buildRules = (
			);
			dependencies = (
				C7C0E7E71CAC265A00D1547B /* PBXTargetDependency */,
			);
			name = "Find Me A MovieTests";
			productName = "Find Me A MovieTests";
			productReference = C7C0E7E51CAC265A00D1547B /* Find Me A MovieTests.xctest */;
			productType = "com.apple.product-type.bundle.unit-test";
		};
		C7C0E7EF1CAC265A00D1547B /* Find Me A MovieUITests */ = {
			isa = PBXNativeTarget;
			buildConfigurationList = C7C0E7FF1CAC265B00D1547B /* Build configuration list for PBXNativeTarget "Find Me A MovieUITests" */;
			buildPhases = (
				C7C0E7EC1CAC265A00D1547B /* Sources */,
				C7C0E7ED1CAC265A00D1547B /* Frameworks */,
				C7C0E7EE1CAC265A00D1547B /* Resources */,
			);
			buildRules = (
			);
			dependencies = (
				C7C0E7F21CAC265A00D1547B /* PBXTargetDependency */,
			);
			name = "Find Me A MovieUITests";
			productName = "Find Me A MovieUITests";
			productReference = C7C0E7F01CAC265A00D1547B /* Find Me A MovieUITests.xctest */;
			productType = "com.apple.product-type.bundle.ui-testing";
		};
/* End PBXNativeTarget section */

/* Begin PBXProject section */
		C7C0E7C71CAC265A00D1547B /* Project object */ = {
			isa = PBXProject;
			attributes = {
				LastSwiftUpdateCheck = 0720;
				LastUpgradeCheck = 0720;
				ORGANIZATIONNAME = "Neal Sheehan";
				TargetAttributes = {
					C7C0E7CE1CAC265A00D1547B = {
						CreatedOnToolsVersion = 7.2;
					};
					C7C0E7E41CAC265A00D1547B = {
						CreatedOnToolsVersion = 7.2;
						TestTargetID = C7C0E7CE1CAC265A00D1547B;
					};
					C7C0E7EF1CAC265A00D1547B = {
						CreatedOnToolsVersion = 7.2;
						TestTargetID = C7C0E7CE1CAC265A00D1547B;
					};
				};
			};
			buildConfigurationList = C7C0E7CA1CAC265A00D1547B /* Build configuration list for PBXProject "Find Me A Movie" */;
			compatibilityVersion = "Xcode 3.2";
			developmentRegion = English;
			hasScannedForEncodings = 0;
			knownRegions = (
				en,
				Base,
			);
			mainGroup = C7C0E7C61CAC265A00D1547B;
			productRefGroup = C7C0E7D01CAC265A00D1547B /* Products */;
			projectDirPath = "";
			projectRoot = "";
			targets = (
				C7C0E7CE1CAC265A00D1547B /* Find Me A Movie */,
				C7C0E7E41CAC265A00D1547B /* Find Me A MovieTests */,
				C7C0E7EF1CAC265A00D1547B /* Find Me A MovieUITests */,
			);
		};
/* End PBXProject section */

/* Begin PBXResourcesBuildPhase section */
		C7C0E7CD1CAC265A00D1547B /* Resources */ = {
			isa = PBXResourcesBuildPhase;
			buildActionMask = 2147483647;
			files = (
				C7C5D04A1CBC3F2700961517 /* Modules in Resources */,
				C7C0E7DF1CAC265A00D1547B /* LaunchScreen.storyboard in Resources */,
				C7C0E7DC1CAC265A00D1547B /* Assets.xcassets in Resources */,
				C7C0E7DA1CAC265A00D1547B /* Main.storyboard in Resources */,
			);
			runOnlyForDeploymentPostprocessing = 0;
		};
		C7C0E7E31CAC265A00D1547B /* Resources */ = {
			isa = PBXResourcesBuildPhase;
			buildActionMask = 2147483647;
			files = (
			);
			runOnlyForDeploymentPostprocessing = 0;
		};
		C7C0E7EE1CAC265A00D1547B /* Resources */ = {
			isa = PBXResourcesBuildPhase;
			buildActionMask = 2147483647;
			files = (
			);
			runOnlyForDeploymentPostprocessing = 0;
		};
/* End PBXResourcesBuildPhase section */

/* Begin PBXSourcesBuildPhase section */
		C7C0E7CB1CAC265A00D1547B /* Sources */ = {
			isa = PBXSourcesBuildPhase;
			buildActionMask = 2147483647;
			files = (
				C7C5D04D1CBC506100961517 /* GuideboxService.swift in Sources */,
				C7C5D0461CBC3E9800961517 /* libxmlHTMLNode.swift in Sources */,
				C7C5D0281CBC371200961517 /* GetSimilarMoviesViewController.swift in Sources */,
				C7C9DA761CBC761D0084172D /* FavoritesTableViewController.swift in Sources */,
				C7268CD41CC71D77002ECA66 /* MovieDetailViewController.swift in Sources */,
				C7C5D0451CBC3E9800961517 /* libxmlHTMLDocument.swift in Sources */,
				C7C5A1B11CD8F8E200180B6F /* RatingsTableViewCell.swift in Sources */,
				C7B19C241CC9340100F8E7F4 /* SearchMoviesTableViewCell.swift in Sources */,
				C7C5D0471CBC3E9800961517 /* libxmlParserOption.swift in Sources */,
				C7C5A1B31CD9004800180B6F /* WatchlistTableViewCell.swift in Sources */,
				C7FCF2AD1CD1C6F40014CA83 /* RecommendationsTableViewCell.swift in Sources */,
				C708D0FF1CBCBD89007E1696 /* MoviesTableViewController.swift in Sources */,
				C7E29FA21CCEF11C0054328C /* RecommendationsTableViewController.swift in Sources */,
				C7C9DA7A1CBC89690084172D /* Movie.swift in Sources */,
				C7E8E04C1CD82E960034576A /* WatchlistTableViewController.swift in Sources */,
				C7C0E7D31CAC265A00D1547B /* AppDelegate.swift in Sources */,
				C75A6D551CB744FE00824BD0 /* AddFavoritesViewController.swift in Sources */,
				C7F631331CB59EDA00280768 /* SwiftyJSON.swift in Sources */,
				C7C9DA781CBC862A0084172D /* Favorite.swift in Sources */,
				C7C5A1AF1CD8E65800180B6F /* OpenMovieDatabaseService.swift in Sources */,
				C7C5D0391CBC3E5200961517 /* CSS.swift in Sources */,
				C7E29FA41CCEF2710054328C /* RatingsTableViewController.swift in Sources */,
				C7C5D0501CBC551800961517 /* SimilarMovies.swift in Sources */,
				C708D1011CBCC402007E1696 /* MenuTableViewController.swift in Sources */,
				C76118001CBDF194007DF140 /* MoviesCollectionViewController.swift in Sources */,
				C76117FE1CBDDDCC007DF140 /* TheMovieDatabaseService.swift in Sources */,
				C7C9DA741CBC6EAD0084172D /* AddFavoritesTableViewCell.swift in Sources */,
				C7F631311CB59E5C00280768 /* GetStreamsViewController.swift in Sources */,
				C7E29FA01CCEE0800054328C /* Data.swift in Sources */,
				C76118021CBDF20F007DF140 /* MovieCollectionViewCell.swift in Sources */,
				C708D1031CBCD09C007E1696 /* Utils.swift in Sources */,
				C776E5191CD8001B008077A1 /* MovieDetailTableViewController.swift in Sources */,
				C7B19C221CC9333100F8E7F4 /* SearchMoviesViewController.swift in Sources */,
				C7C5D03A1CBC3E5200961517 /* Kanna.swift in Sources */,
			);
			runOnlyForDeploymentPostprocessing = 0;
		};
		C7C0E7E11CAC265A00D1547B /* Sources */ = {
			isa = PBXSourcesBuildPhase;
			buildActionMask = 2147483647;
			files = (
				C7C0E7EA1CAC265A00D1547B /* Find_Me_A_MovieTests.swift in Sources */,
			);
			runOnlyForDeploymentPostprocessing = 0;
		};
		C7C0E7EC1CAC265A00D1547B /* Sources */ = {
			isa = PBXSourcesBuildPhase;
			buildActionMask = 2147483647;
			files = (
				C7C0E7F51CAC265A00D1547B /* Find_Me_A_MovieUITests.swift in Sources */,
			);
			runOnlyForDeploymentPostprocessing = 0;
		};
/* End PBXSourcesBuildPhase section */

/* Begin PBXTargetDependency section */
		C7C0E7E71CAC265A00D1547B /* PBXTargetDependency */ = {
			isa = PBXTargetDependency;
			target = C7C0E7CE1CAC265A00D1547B /* Find Me A Movie */;
			targetProxy = C7C0E7E61CAC265A00D1547B /* PBXContainerItemProxy */;
		};
		C7C0E7F21CAC265A00D1547B /* PBXTargetDependency */ = {
			isa = PBXTargetDependency;
			target = C7C0E7CE1CAC265A00D1547B /* Find Me A Movie */;
			targetProxy = C7C0E7F11CAC265A00D1547B /* PBXContainerItemProxy */;
		};
/* End PBXTargetDependency section */

/* Begin PBXVariantGroup section */
		C7C0E7D81CAC265A00D1547B /* Main.storyboard */ = {
			isa = PBXVariantGroup;
			children = (
				C7C0E7D91CAC265A00D1547B /* Base */,
			);
			name = Main.storyboard;
			sourceTree = "<group>";
		};
		C7C0E7DD1CAC265A00D1547B /* LaunchScreen.storyboard */ = {
			isa = PBXVariantGroup;
			children = (
				C7C0E7DE1CAC265A00D1547B /* Base */,
			);
			name = LaunchScreen.storyboard;
			sourceTree = "<group>";
		};
/* End PBXVariantGroup section */

/* Begin XCBuildConfiguration section */
		C7C0E7F71CAC265B00D1547B /* Debug */ = {
			isa = XCBuildConfiguration;
			buildSettings = {
				ALWAYS_SEARCH_USER_PATHS = NO;
				CLANG_CXX_LANGUAGE_STANDARD = "gnu++0x";
				CLANG_CXX_LIBRARY = "libc++";
				CLANG_ENABLE_MODULES = YES;
				CLANG_ENABLE_OBJC_ARC = YES;
				CLANG_WARN_BOOL_CONVERSION = YES;
				CLANG_WARN_CONSTANT_CONVERSION = YES;
				CLANG_WARN_DIRECT_OBJC_ISA_USAGE = YES_ERROR;
				CLANG_WARN_EMPTY_BODY = YES;
				CLANG_WARN_ENUM_CONVERSION = YES;
				CLANG_WARN_INT_CONVERSION = YES;
				CLANG_WARN_OBJC_ROOT_CLASS = YES_ERROR;
				CLANG_WARN_UNREACHABLE_CODE = YES;
				CLANG_WARN__DUPLICATE_METHOD_MATCH = YES;
				"CODE_SIGN_IDENTITY[sdk=iphoneos*]" = "iPhone Developer";
				COPY_PHASE_STRIP = NO;
				DEBUG_INFORMATION_FORMAT = dwarf;
				ENABLE_STRICT_OBJC_MSGSEND = YES;
				ENABLE_TESTABILITY = YES;
				GCC_C_LANGUAGE_STANDARD = gnu99;
				GCC_DYNAMIC_NO_PIC = NO;
				GCC_NO_COMMON_BLOCKS = YES;
				GCC_OPTIMIZATION_LEVEL = 0;
				GCC_PREPROCESSOR_DEFINITIONS = (
					"DEBUG=1",
					"$(inherited)",
				);
				GCC_WARN_64_TO_32_BIT_CONVERSION = YES;
				GCC_WARN_ABOUT_RETURN_TYPE = YES_ERROR;
				GCC_WARN_UNDECLARED_SELECTOR = YES;
				GCC_WARN_UNINITIALIZED_AUTOS = YES_AGGRESSIVE;
				GCC_WARN_UNUSED_FUNCTION = YES;
				GCC_WARN_UNUSED_VARIABLE = YES;
				IPHONEOS_DEPLOYMENT_TARGET = 9.2;
				MTL_ENABLE_DEBUG_INFO = YES;
				ONLY_ACTIVE_ARCH = YES;
				SDKROOT = iphoneos;
				SWIFT_OPTIMIZATION_LEVEL = "-Onone";
				TARGETED_DEVICE_FAMILY = "1,2";
			};
			name = Debug;
		};
		C7C0E7F81CAC265B00D1547B /* Release */ = {
			isa = XCBuildConfiguration;
			buildSettings = {
				ALWAYS_SEARCH_USER_PATHS = NO;
				CLANG_CXX_LANGUAGE_STANDARD = "gnu++0x";
				CLANG_CXX_LIBRARY = "libc++";
				CLANG_ENABLE_MODULES = YES;
				CLANG_ENABLE_OBJC_ARC = YES;
				CLANG_WARN_BOOL_CONVERSION = YES;
				CLANG_WARN_CONSTANT_CONVERSION = YES;
				CLANG_WARN_DIRECT_OBJC_ISA_USAGE = YES_ERROR;
				CLANG_WARN_EMPTY_BODY = YES;
				CLANG_WARN_ENUM_CONVERSION = YES;
				CLANG_WARN_INT_CONVERSION = YES;
				CLANG_WARN_OBJC_ROOT_CLASS = YES_ERROR;
				CLANG_WARN_UNREACHABLE_CODE = YES;
				CLANG_WARN__DUPLICATE_METHOD_MATCH = YES;
				"CODE_SIGN_IDENTITY[sdk=iphoneos*]" = "iPhone Developer";
				COPY_PHASE_STRIP = NO;
				DEBUG_INFORMATION_FORMAT = "dwarf-with-dsym";
				ENABLE_NS_ASSERTIONS = NO;
				ENABLE_STRICT_OBJC_MSGSEND = YES;
				GCC_C_LANGUAGE_STANDARD = gnu99;
				GCC_NO_COMMON_BLOCKS = YES;
				GCC_WARN_64_TO_32_BIT_CONVERSION = YES;
				GCC_WARN_ABOUT_RETURN_TYPE = YES_ERROR;
				GCC_WARN_UNDECLARED_SELECTOR = YES;
				GCC_WARN_UNINITIALIZED_AUTOS = YES_AGGRESSIVE;
				GCC_WARN_UNUSED_FUNCTION = YES;
				GCC_WARN_UNUSED_VARIABLE = YES;
				IPHONEOS_DEPLOYMENT_TARGET = 9.2;
				MTL_ENABLE_DEBUG_INFO = NO;
				SDKROOT = iphoneos;
				TARGETED_DEVICE_FAMILY = "1,2";
				VALIDATE_PRODUCT = YES;
			};
			name = Release;
		};
		C7C0E7FA1CAC265B00D1547B /* Debug */ = {
			isa = XCBuildConfiguration;
			buildSettings = {
				ASSETCATALOG_COMPILER_APPICON_NAME = AppIcon;
				HEADER_SEARCH_PATHS = "$(SDKROOT)/usr/include/libxml2";
				INFOPLIST_FILE = "Find Me A Movie/Info.plist";
				LD_RUNPATH_SEARCH_PATHS = "$(inherited) @executable_path/Frameworks";
				OTHER_LDFLAGS = "";
				PRODUCT_BUNDLE_IDENTIFIER = "championeal.Find-Me-A-Movie";
				PRODUCT_NAME = "$(TARGET_NAME)";
				SWIFT_INCLUDE_PATHS = "\"$(SRCROOT)/Find Me A Movie/Modules\"";
			};
			name = Debug;
		};
		C7C0E7FB1CAC265B00D1547B /* Release */ = {
			isa = XCBuildConfiguration;
			buildSettings = {
				ASSETCATALOG_COMPILER_APPICON_NAME = AppIcon;
				HEADER_SEARCH_PATHS = "$(SDKROOT)/usr/include/libxml2";
				INFOPLIST_FILE = "Find Me A Movie/Info.plist";
				LD_RUNPATH_SEARCH_PATHS = "$(inherited) @executable_path/Frameworks";
				OTHER_LDFLAGS = "";
				PRODUCT_BUNDLE_IDENTIFIER = "championeal.Find-Me-A-Movie";
				PRODUCT_NAME = "$(TARGET_NAME)";
				SWIFT_INCLUDE_PATHS = "\"$(SRCROOT)/Find Me A Movie/Modules\"";
			};
			name = Release;
		};
		C7C0E7FD1CAC265B00D1547B /* Debug */ = {
			isa = XCBuildConfiguration;
			buildSettings = {
				BUNDLE_LOADER = "$(TEST_HOST)";
				INFOPLIST_FILE = "Find Me A MovieTests/Info.plist";
				LD_RUNPATH_SEARCH_PATHS = "$(inherited) @executable_path/Frameworks @loader_path/Frameworks";
				PRODUCT_BUNDLE_IDENTIFIER = "championeal.Find-Me-A-MovieTests";
				PRODUCT_NAME = "$(TARGET_NAME)";
				TEST_HOST = "$(BUILT_PRODUCTS_DIR)/Find Me A Movie.app/Find Me A Movie";
			};
			name = Debug;
		};
		C7C0E7FE1CAC265B00D1547B /* Release */ = {
			isa = XCBuildConfiguration;
			buildSettings = {
				BUNDLE_LOADER = "$(TEST_HOST)";
				INFOPLIST_FILE = "Find Me A MovieTests/Info.plist";
				LD_RUNPATH_SEARCH_PATHS = "$(inherited) @executable_path/Frameworks @loader_path/Frameworks";
				PRODUCT_BUNDLE_IDENTIFIER = "championeal.Find-Me-A-MovieTests";
				PRODUCT_NAME = "$(TARGET_NAME)";
				TEST_HOST = "$(BUILT_PRODUCTS_DIR)/Find Me A Movie.app/Find Me A Movie";
			};
			name = Release;
		};
		C7C0E8001CAC265B00D1547B /* Debug */ = {
			isa = XCBuildConfiguration;
			buildSettings = {
				INFOPLIST_FILE = "Find Me A MovieUITests/Info.plist";
				LD_RUNPATH_SEARCH_PATHS = "$(inherited) @executable_path/Frameworks @loader_path/Frameworks";
				PRODUCT_BUNDLE_IDENTIFIER = "championeal.Find-Me-A-MovieUITests";
				PRODUCT_NAME = "$(TARGET_NAME)";
				TEST_TARGET_NAME = "Find Me A Movie";
				USES_XCTRUNNER = YES;
			};
			name = Debug;
		};
		C7C0E8011CAC265B00D1547B /* Release */ = {
			isa = XCBuildConfiguration;
			buildSettings = {
				INFOPLIST_FILE = "Find Me A MovieUITests/Info.plist";
				LD_RUNPATH_SEARCH_PATHS = "$(inherited) @executable_path/Frameworks @loader_path/Frameworks";
				PRODUCT_BUNDLE_IDENTIFIER = "championeal.Find-Me-A-MovieUITests";
				PRODUCT_NAME = "$(TARGET_NAME)";
				TEST_TARGET_NAME = "Find Me A Movie";
				USES_XCTRUNNER = YES;
			};
			name = Release;
		};
/* End XCBuildConfiguration section */

/* Begin XCConfigurationList section */
		C7C0E7CA1CAC265A00D1547B /* Build configuration list for PBXProject "Find Me A Movie" */ = {
			isa = XCConfigurationList;
			buildConfigurations = (
				C7C0E7F71CAC265B00D1547B /* Debug */,
				C7C0E7F81CAC265B00D1547B /* Release */,
			);
			defaultConfigurationIsVisible = 0;
			defaultConfigurationName = Release;
		};
		C7C0E7F91CAC265B00D1547B /* Build configuration list for PBXNativeTarget "Find Me A Movie" */ = {
			isa = XCConfigurationList;
			buildConfigurations = (
				C7C0E7FA1CAC265B00D1547B /* Debug */,
				C7C0E7FB1CAC265B00D1547B /* Release */,
			);
			defaultConfigurationIsVisible = 0;
			defaultConfigurationName = Release;
		};
		C7C0E7FC1CAC265B00D1547B /* Build configuration list for PBXNativeTarget "Find Me A MovieTests" */ = {
			isa = XCConfigurationList;
			buildConfigurations = (
				C7C0E7FD1CAC265B00D1547B /* Debug */,
				C7C0E7FE1CAC265B00D1547B /* Release */,
			);
			defaultConfigurationIsVisible = 0;
			defaultConfigurationName = Release;
		};
		C7C0E7FF1CAC265B00D1547B /* Build configuration list for PBXNativeTarget "Find Me A MovieUITests" */ = {
			isa = XCConfigurationList;
			buildConfigurations = (
				C7C0E8001CAC265B00D1547B /* Debug */,
				C7C0E8011CAC265B00D1547B /* Release */,
			);
			defaultConfigurationIsVisible = 0;
			defaultConfigurationName = Release;
		};
/* End XCConfigurationList section */
	};
	rootObject = C7C0E7C71CAC265A00D1547B /* Project object */;
}
